
Microsoft Visual Studio Solution File, Format Version 12.00
# Visual Studio Version 16
VisualStudioVersion = 16.0.30011.22
MinimumVisualStudioVersion = 10.0.40219.1
Project("{FAE04EC0-301F-11D3-BF4B-00C04F79EFBC}") = "Universal OTA Flasher", "Universal OTA Flasher\Universal OTA Flasher.csproj", "{DBA90D4F-2CD3-4693-8CCF-FE0A2A070327}"
EndProject
Global
	GlobalSection(SolutionConfigurationPlatforms) = preSolution
		Debug|Any CPU = Debug|Any CPU
		Release|Any CPU = Release|Any CPU
	EndGlobalSection
	GlobalSection(ProjectConfigurationPlatforms) = postSolution
		{DBA90D4F-2CD3-4693-8CCF-FE0A2A070327}.Debug|Any CPU.ActiveCfg = Debug|Any CPU
		{DBA90D4F-2CD3-4693-8CCF-FE0A2A070327}.Debug|Any CPU.Build.0 = Debug|Any CPU
		{DBA90D4F-2CD3-4693-8CCF-FE0A2A070327}.Release|Any CPU.ActiveCfg = Release|Any CPU
		{DBA90D4F-2CD3-4693-8CCF-FE0A2A070327}.Release|Any CPU.Build.0 = Release|Any CPU
	EndGlobalSection
	GlobalSection(SolutionProperties) = preSolution
		HideSolutionNode = FALSE
	EndGlobalSection
	GlobalSection(ExtensibilityGlobals) = postSolution
		SolutionGuid = {543BE69A-8935-48DC-A034-48A797B1AA63}
	EndGlobalSection
EndGlobal
